
Microsoft Visual Studio Solution File, Format Version 12.00
# Visual Studio Version 17
VisualStudioVersion = 17.13.35825.156
MinimumVisualStudioVersion = 10.0.40219.1
Project("{FAE04EC0-301F-11D3-BF4B-00C04F79EFBC}") = "02_Variables", "02_Variables\02_Variables.csproj", "{49208A30-188E-40B3-B7F5-3124013F3417}"
EndProject
Project("{FAE04EC0-301F-11D3-BF4B-00C04F79EFBC}") = "03_MakingDecision", "03_MakingDecision\03_MakingDecision.csproj", "{9157B999-2F61-47B9-9D68-D1DC2839079C}"
EndProject
Project("{FAE04EC0-301F-11D3-BF4B-00C04F79EFBC}") = "04_Loops", "04_Loops\04_Loops.csproj", "{0420B8E3-C2E9-4CEA-8B69-69C1F4D432BC}"
EndProject
Project("{FAE04EC0-301F-11D3-BF4B-00C04F79EFBC}") = "05_LoopsWithStars", "05_LoopsWithStars\05_LoopsWithStars.csproj", "{4CA4C3EC-2444-43EE-A7F7-2BAEDB11F423}"
EndProject
Project("{FAE04EC0-301F-11D3-BF4B-00C04F79EFBC}") = "06_Arrays", "06_Arrays\06_Arrays.csproj", "{94BCFE03-9DFC-497B-B81A-9D1B10BB2A45}"
EndProject
Project("{FAE04EC0-301F-11D3-BF4B-00C04F79EFBC}") = "07_ForeachLoop", "07_ForeachLoop\07_ForeachLoop.csproj", "{DC79DD20-5FE4-449B-B5A9-46FF6836F082}"
EndProject
Project("{FAE04EC0-301F-11D3-BF4B-00C04F79EFBC}") = "08_Methods", "08_Methods\08_Methods.csproj", "{5A9D7534-C006-4159-B0E4-EB0C1091DFA7}"
EndProject
Project("{FAE04EC0-301F-11D3-BF4B-00C04F79EFBC}") = "09_DatabaseProject", "09_DatabaseProject\09_DatabaseProject.csproj", "{27822168-293C-44E8-BDBF-3366964FB4C6}"
EndProject
Project("{FAE04EC0-301F-11D3-BF4B-00C04F79EFBC}") = "10_DatabaseCrud", "10_DatabaseCrud\10_DatabaseCrud.csproj", "{AC750549-E6E4-47E3-89DE-882748F95130}"
EndProject
Global
	GlobalSection(SolutionConfigurationPlatforms) = preSolution
		Debug|Any CPU = Debug|Any CPU
		Release|Any CPU = Release|Any CPU
	EndGlobalSection
	GlobalSection(ProjectConfigurationPlatforms) = postSolution
		{49208A30-188E-40B3-B7F5-3124013F3417}.Debug|Any CPU.ActiveCfg = Debug|Any CPU
		{49208A30-188E-40B3-B7F5-3124013F3417}.Debug|Any CPU.Build.0 = Debug|Any CPU
		{49208A30-188E-40B3-B7F5-3124013F3417}.Release|Any CPU.ActiveCfg = Release|Any CPU
		{49208A30-188E-40B3-B7F5-3124013F3417}.Release|Any CPU.Build.0 = Release|Any CPU
		{9157B999-2F61-47B9-9D68-D1DC2839079C}.Debug|Any CPU.ActiveCfg = Debug|Any CPU
		{9157B999-2F61-47B9-9D68-D1DC2839079C}.Debug|Any CPU.Build.0 = Debug|Any CPU
		{9157B999-2F61-47B9-9D68-D1DC2839079C}.Release|Any CPU.ActiveCfg = Release|Any CPU
		{9157B999-2F61-47B9-9D68-D1DC2839079C}.Release|Any CPU.Build.0 = Release|Any CPU
		{0420B8E3-C2E9-4CEA-8B69-69C1F4D432BC}.Debug|Any CPU.ActiveCfg = Debug|Any CPU
		{0420B8E3-C2E9-4CEA-8B69-69C1F4D432BC}.Debug|Any CPU.Build.0 = Debug|Any CPU
		{0420B8E3-C2E9-4CEA-8B69-69C1F4D432BC}.Release|Any CPU.ActiveCfg = Release|Any CPU
		{0420B8E3-C2E9-4CEA-8B69-69C1F4D432BC}.Release|Any CPU.Build.0 = Release|Any CPU
		{4CA4C3EC-2444-43EE-A7F7-2BAEDB11F423}.Debug|Any CPU.ActiveCfg = Debug|Any CPU
		{4CA4C3EC-2444-43EE-A7F7-2BAEDB11F423}.Debug|Any CPU.Build.0 = Debug|Any CPU
		{4CA4C3EC-2444-43EE-A7F7-2BAEDB11F423}.Release|Any CPU.ActiveCfg = Release|Any CPU
		{4CA4C3EC-2444-43EE-A7F7-2BAEDB11F423}.Release|Any CPU.Build.0 = Release|Any CPU
		{94BCFE03-9DFC-497B-B81A-9D1B10BB2A45}.Debug|Any CPU.ActiveCfg = Debug|Any CPU
		{94BCFE03-9DFC-497B-B81A-9D1B10BB2A45}.Debug|Any CPU.Build.0 = Debug|Any CPU
		{94BCFE03-9DFC-497B-B81A-9D1B10BB2A45}.Release|Any CPU.ActiveCfg = Release|Any CPU
		{94BCFE03-9DFC-497B-B81A-9D1B10BB2A45}.Release|Any CPU.Build.0 = Release|Any CPU
		{DC79DD20-5FE4-449B-B5A9-46FF6836F082}.Debug|Any CPU.ActiveCfg = Debug|Any CPU
		{DC79DD20-5FE4-449B-B5A9-46FF6836F082}.Debug|Any CPU.Build.0 = Debug|Any CPU
		{DC79DD20-5FE4-449B-B5A9-46FF6836F082}.Release|Any CPU.ActiveCfg = Release|Any CPU
		{DC79DD20-5FE4-449B-B5A9-46FF6836F082}.Release|Any CPU.Build.0 = Release|Any CPU
		{5A9D7534-C006-4159-B0E4-EB0C1091DFA7}.Debug|Any CPU.ActiveCfg = Debug|Any CPU
		{5A9D7534-C006-4159-B0E4-EB0C1091DFA7}.Debug|Any CPU.Build.0 = Debug|Any CPU
		{5A9D7534-C006-4159-B0E4-EB0C1091DFA7}.Release|Any CPU.ActiveCfg = Release|Any CPU
		{5A9D7534-C006-4159-B0E4-EB0C1091DFA7}.Release|Any CPU.Build.0 = Release|Any CPU
		{27822168-293C-44E8-BDBF-3366964FB4C6}.Debug|Any CPU.ActiveCfg = Debug|Any CPU
		{27822168-293C-44E8-BDBF-3366964FB4C6}.Debug|Any CPU.Build.0 = Debug|Any CPU
		{27822168-293C-44E8-BDBF-3366964FB4C6}.Release|Any CPU.ActiveCfg = Release|Any CPU
		{27822168-293C-44E8-BDBF-3366964FB4C6}.Release|Any CPU.Build.0 = Release|Any CPU
		{AC750549-E6E4-47E3-89DE-882748F95130}.Debug|Any CPU.ActiveCfg = Debug|Any CPU
		{AC750549-E6E4-47E3-89DE-882748F95130}.Debug|Any CPU.Build.0 = Debug|Any CPU
		{AC750549-E6E4-47E3-89DE-882748F95130}.Release|Any CPU.ActiveCfg = Release|Any CPU
		{AC750549-E6E4-47E3-89DE-882748F95130}.Release|Any CPU.Build.0 = Release|Any CPU
	EndGlobalSection
	GlobalSection(SolutionProperties) = preSolution
		HideSolutionNode = FALSE
	EndGlobalSection
	GlobalSection(ExtensibilityGlobals) = postSolution
		SolutionGuid = {42E788AF-19B0-4333-AF8E-CCE6D177B04E}
	EndGlobalSection
EndGlobal
